
Microsoft Visual Studio Solution File, Format Version 12.00
# Visual Studio Version 17
VisualStudioVersion = 17.3.32929.385
MinimumVisualStudioVersion = 10.0.40219.1
Project("{FAE04EC0-301F-11D3-BF4B-00C04F79EFBC}") = "Banka Otomasyonu V1.1", "Banka Otomasyonu V1.1\Banka Otomasyonu V1.1.csproj", "{552C7240-EB65-479A-BEAF-BFEA082A708C}"
EndProject
Global
	GlobalSection(SolutionConfigurationPlatforms) = preSolution
		Debug|Any CPU = Debug|Any CPU
		Release|Any CPU = Release|Any CPU
	EndGlobalSection
	GlobalSection(ProjectConfigurationPlatforms) = postSolution
		{552C7240-EB65-479A-BEAF-BFEA082A708C}.Debug|Any CPU.ActiveCfg = Debug|Any CPU
		{552C7240-EB65-479A-BEAF-BFEA082A708C}.Debug|Any CPU.Build.0 = Debug|Any CPU
		{552C7240-EB65-479A-BEAF-BFEA082A708C}.Release|Any CPU.ActiveCfg = Release|Any CPU
		{552C7240-EB65-479A-BEAF-BFEA082A708C}.Release|Any CPU.Build.0 = Release|Any CPU
	EndGlobalSection
	GlobalSection(SolutionProperties) = preSolution
		HideSolutionNode = FALSE
	EndGlobalSection
	GlobalSection(ExtensibilityGlobals) = postSolution
		SolutionGuid = {B7127A6C-704C-4264-B5AD-7BDD418C98E1}
	EndGlobalSection
EndGlobal
